
Microsoft Visual Studio Solution File, Format Version 12.00
# Visual Studio 2013
Project("{FAE04EC0-301F-11D3-BF4B-00C04F79EFBC}") = "UnityVS.unitygame.CSharp", "UnityVS.unitygame.CSharp.csproj", "{558341F8-C00F-BB46-E4E2-1E4363B2BCC2}"
EndProject
Project("{FAE04EC0-301F-11D3-BF4B-00C04F79EFBC}") = "UnityVS.unitygame.CSharp.Editor", "UnityVS.unitygame.CSharp.Editor.csproj", "{8A0F3277-6E20-2146-1815-4F781BBD8065}"
EndProject
Project("{FAE04EC0-301F-11D3-BF4B-00C04F79EFBC}") = "UnityVS.unitygame.CSharp.Plugins", "UnityVS.unitygame.CSharp.Plugins.csproj", "{799FB5FD-C501-A295-633A-58FA455D740B}"
EndProject
Global
	GlobalSection(SolutionConfigurationPlatforms) = preSolution
		Debug|Any CPU = Debug|Any CPU
		Release|Any CPU = Release|Any CPU
	EndGlobalSection
	GlobalSection(ProjectConfigurationPlatforms) = postSolution
		{558341F8-C00F-BB46-E4E2-1E4363B2BCC2}.Debug|Any CPU.ActiveCfg = Debug|Any CPU
		{558341F8-C00F-BB46-E4E2-1E4363B2BCC2}.Debug|Any CPU.Build.0 = Debug|Any CPU
		{558341F8-C00F-BB46-E4E2-1E4363B2BCC2}.Release|Any CPU.ActiveCfg = Release|Any CPU
		{558341F8-C00F-BB46-E4E2-1E4363B2BCC2}.Release|Any CPU.Build.0 = Release|Any CPU
		{8A0F3277-6E20-2146-1815-4F781BBD8065}.Debug|Any CPU.ActiveCfg = Debug|Any CPU
		{8A0F3277-6E20-2146-1815-4F781BBD8065}.Debug|Any CPU.Build.0 = Debug|Any CPU
		{8A0F3277-6E20-2146-1815-4F781BBD8065}.Release|Any CPU.ActiveCfg = Release|Any CPU
		{8A0F3277-6E20-2146-1815-4F781BBD8065}.Release|Any CPU.Build.0 = Release|Any CPU
		{799FB5FD-C501-A295-633A-58FA455D740B}.Debug|Any CPU.ActiveCfg = Debug|Any CPU
		{799FB5FD-C501-A295-633A-58FA455D740B}.Debug|Any CPU.Build.0 = Debug|Any CPU
		{799FB5FD-C501-A295-633A-58FA455D740B}.Release|Any CPU.ActiveCfg = Release|Any CPU
		{799FB5FD-C501-A295-633A-58FA455D740B}.Release|Any CPU.Build.0 = Release|Any CPU
	EndGlobalSection
	GlobalSection(SolutionProperties) = preSolution
		HideSolutionNode = FALSE
	EndGlobalSection
EndGlobal
