
Microsoft Visual Studio Solution File, Format Version 12.00
# Visual Studio 2013
Project("{FAE04EC0-301F-11D3-BF4B-00C04F79EFBC}") = "UnityVS.hg-client.CSharp", "UnityVS.hg-client.CSharp.csproj", "{A52918FE-448E-6C18-F9C7-880DEDA991D4}"
EndProject
Global
	GlobalSection(SolutionConfigurationPlatforms) = preSolution
		Debug|Any CPU = Debug|Any CPU
		Release|Any CPU = Release|Any CPU
	EndGlobalSection
	GlobalSection(ProjectConfigurationPlatforms) = postSolution
		{A52918FE-448E-6C18-F9C7-880DEDA991D4}.Debug|Any CPU.ActiveCfg = Debug|Any CPU
		{A52918FE-448E-6C18-F9C7-880DEDA991D4}.Debug|Any CPU.Build.0 = Debug|Any CPU
		{A52918FE-448E-6C18-F9C7-880DEDA991D4}.Release|Any CPU.ActiveCfg = Release|Any CPU
		{A52918FE-448E-6C18-F9C7-880DEDA991D4}.Release|Any CPU.Build.0 = Release|Any CPU
	EndGlobalSection
	GlobalSection(SolutionProperties) = preSolution
		HideSolutionNode = FALSE
	EndGlobalSection
EndGlobal
